{
    "_meta": {
        "hash": {
            "sha256": "7b4561e3cc4c4227d923297c1473b951a00d57e2188dde98dfbfe2f1a1142bf9"
        },
        "pipfile-spec": 6,
        "requires": {
            "python_version": "3.9.9"
        },
        "sources": [
            {
                "name": "pypi",
                "url": "https://pypi.org/simple",
                "verify_ssl": true
            }
        ]
    },
    "default": {},
    "develop": {}
}
